
Microsoft Visual Studio Solution File, Format Version 12.00
# Visual Studio Version 17
VisualStudioVersion = 17.4.33103.184
MinimumVisualStudioVersion = 10.0.40219.1
Project("{FAE04EC0-301F-11D3-BF4B-00C04F79EFBC}") = "ThirdPartyApiUsageDemo", "ThirdPartyApiUsageDemo\ThirdPartyApiUsageDemo.csproj", "{ED8883F7-3940-4939-B45B-9E8CDC8201EB}"
EndProject
Global
	GlobalSection(SolutionConfigurationPlatforms) = preSolution
		Debug|Any CPU = Debug|Any CPU
		Release|Any CPU = Release|Any CPU
	EndGlobalSection
	GlobalSection(ProjectConfigurationPlatforms) = postSolution
		{ED8883F7-3940-4939-B45B-9E8CDC8201EB}.Debug|Any CPU.ActiveCfg = Debug|Any CPU
		{ED8883F7-3940-4939-B45B-9E8CDC8201EB}.Debug|Any CPU.Build.0 = Debug|Any CPU
		{ED8883F7-3940-4939-B45B-9E8CDC8201EB}.Release|Any CPU.ActiveCfg = Release|Any CPU
		{ED8883F7-3940-4939-B45B-9E8CDC8201EB}.Release|Any CPU.Build.0 = Release|Any CPU
	EndGlobalSection
	GlobalSection(SolutionProperties) = preSolution
		HideSolutionNode = FALSE
	EndGlobalSection
	GlobalSection(ExtensibilityGlobals) = postSolution
		SolutionGuid = {6A2ABC5B-E72F-4D03-ACB1-A9983986ACE7}
	EndGlobalSection
EndGlobal
